{
  "name": "tuya-device",
  "version": "0.1.0",
  "lockfileVersion": 1,
  "requires": true,
  "dependencies": {
    "net-retry-connect": {
      "version": "0.1.1",
      "resolved": "https://registry.npmjs.org/net-retry-connect/-/net-retry-connect-0.1.1.tgz",
      "integrity": "sha1-rJUsT1D+5DPcb8tZXzw/GZNsX80=",
      "requires": {
        "retry": "0.9.0"
      }
    },
    "node-forge": {
      "version": "0.7.1",
      "resolved": "https://registry.npmjs.org/node-forge/-/node-forge-0.7.1.tgz",
      "integrity": "sha1-naYR6giYL0uUIGs760zJZl8gwwA="
    },
    "retry": {
      "version": "0.9.0",
      "resolved": "https://registry.npmjs.org/retry/-/retry-0.9.0.tgz",
      "integrity": "sha1-b2l+UKDk3cjI9/tUeptg3q1DZ40="
    }
  }
}
